dependencies:
  chmorgan/esp-libhelix-mp3:
    dependencies: []
    source:
      path: /home/dj/Documents/Developing-IoT-Projects-with-ESP32-2nd-edition-main-new/components/chmorgan__esp-libhelix-mp3
      type: local
    version: 1.0.3
  espressif/button:
    dependencies: []
    source:
      path: /home/dj/Documents/Developing-IoT-Projects-with-ESP32-2nd-edition-main-new/components/espressif__button
      type: local
    version: 3.2.1
  espressif/cmake_utilities:
    component_hash: 351350613ceafba240b761b4ea991e0f231ac7a9f59a9ee901f751bddc0bb18f
    dependencies:
    - name: idf
      registry_url: https://components.espressif.com
      require: private
      version: '>=4.1'
    source:
      registry_url: https://components.espressif.com/
      type: service
    version: 0.5.3
  espressif/esp-box:
    dependencies: []
    source:
      path: /home/dj/Documents/Developing-IoT-Projects-with-ESP32-2nd-edition-main-new/components/espressif__esp-box
      type: local
    version: 3.1.0
  espressif/esp-box-3:
    dependencies: []
    source:
      path: /home/dj/Documents/Developing-IoT-Projects-with-ESP32-2nd-edition-main-new/components/espressif__esp-box-3
      type: local
    version: 1.2.0
  espressif/esp-box-lite:
    dependencies: []
    source:
      path: /home/dj/Documents/Developing-IoT-Projects-with-ESP32-2nd-edition-main-new/components/espressif__esp-box-lite
      type: local
    version: 2.1.0
  espressif/esp_codec_dev:
    component_hash: af363202469b2bbecc87f3268729adf37c18c886eba55cab4c268cc9be25b6af
    dependencies:
    - name: idf
      require: private
      version: '>=4.0'
    source:
      registry_url: https://components.espressif.com/
      type: service
    version: 1.3.2
  espressif/esp_lcd_ili9341:
    component_hash: 31f1b793aa2110dd2ae071c21ccbff0a4eb20d9a4ee40b6294c0dc0ad9552c4e
    dependencies:
    - name: idf
      registry_url: https://components.espressif.com
      require: private
      version: '>=4.4'
    - name: espressif/cmake_utilities
      registry_url: https://components.espressif.com
      require: private
      version: 0.*
    source:
      registry_url: https://components.espressif.com/
      type: service
    version: 1.2.0
  espressif/esp_lcd_touch:
    dependencies: []
    source:
      path: /home/dj/Documents/Developing-IoT-Projects-with-ESP32-2nd-edition-main-new/components/espressif__esp_lcd_touch
      type: local
    version: 1.1.2
  espressif/esp_lcd_touch_gt911:
    component_hash: f90c3f82f052d1ccdfd71895a062f396ccc1c90ec69d8a99c483180387230bac
    dependencies:
    - name: idf
      registry_url: https://components.espressif.com
      require: private
      version: '>=4.4.2'
    - name: espressif/esp_lcd_touch
      registry_url: https://components.espressif.com
      require: public
      version: ^1.1.0
    source:
      registry_url: https://components.espressif.com/
      type: service
    version: 1.1.1~1
  espressif/esp_lcd_touch_tt21100:
    component_hash: 320b0c047223ee744e258648e0dc7035e8ec54fcffea9dcd81063c1bafa8d0a7
    dependencies:
    - name: idf
      registry_url: https://components.espressif.com
      require: private
      version: '>=4.4.2'
    - name: espressif/esp_lcd_touch
      registry_url: https://components.espressif.com
      require: public
      version: ^1.1.0
    source:
      registry_url: https://components.espressif.com/
      type: service
    version: 1.1.0~1
  espressif/esp_lvgl_port:
    component_hash: 7aa8ec9fd418b90efe2d89164b758893c5dad47628ed1d578c52b3b7e89000b9
    dependencies:
    - name: idf
      require: private
      version: '>=4.4'
    - name: lvgl/lvgl
      registry_url: https://components.espressif.com
      require: public
      version: '>=8,<10'
    source:
      registry_url: https://components.espressif.com/
      type: service
    version: 2.4.2
  espressif/icm42670:
    component_hash: 3327870e7a125e7278f318297726138278f0cda2898f2461c01af0423d4afcda
    dependencies:
    - name: idf
      registry_url: https://components.espressif.com
      require: private
      version: '>=4.4'
    source:
      registry_url: https://components.espressif.com/
      type: service
    version: 1.0.0
  idf:
    source:
      type: idf
    version: 5.4.0
  lvgl/lvgl:
    component_hash: 096c69af22eaf8a2b721e3913da91918c5e6bf1a762a113ec01f401aa61337a0
    dependencies: []
    source:
      registry_url: https://components.espressif.com/
      type: service
    version: 9.2.2
direct_dependencies:
- chmorgan/esp-libhelix-mp3
- espressif/button
- espressif/cmake_utilities
- espressif/esp-box
- espressif/esp-box-3
- espressif/esp-box-lite
- espressif/esp_codec_dev
- espressif/esp_lcd_ili9341
- espressif/esp_lcd_touch
- espressif/esp_lcd_touch_gt911
- espressif/esp_lcd_touch_tt21100
- espressif/esp_lvgl_port
- espressif/icm42670
- idf
- lvgl/lvgl
manifest_hash: 8d108daf5fe66ae14a3c022e269ea2b9fc0f415750b3c1f1afb158a8e5531caa
target: esp32s3
version: 2.0.0
